{
	"name": "impulses-materialui-daterange-picker",
	"version": "0.0.1",
	"lockfileVersion": 1,
	"requires": true,
	"dependencies": {
		"@rollup/plugin-auto-install": {
			"version": "3.0.5",
			"resolved": "https://registry.npmjs.org/@rollup/plugin-auto-install/-/plugin-auto-install-3.0.5.tgz",
			"integrity": "sha512-WOH5Uo39RMVO/SzWdWSin7/h1BrToPjkjfd9XuzFN2rQCOnwogWQMJAgMUAcJS+6VzEp/ZqIpsBct0/GnniWaw=="
		}
	}
}
